{
  "name": "PrototypeLandingPage",
  "version": "1.0.0",
  "lockfileVersion": 1,
  "requires": true,
  "dependencies": {
    "glyphicons-only-bootstrap": {
      "version": "1.0.1",
      "resolved": "https://registry.npmjs.org/glyphicons-only-bootstrap/-/glyphicons-only-bootstrap-1.0.1.tgz",
      "integrity": "sha1-oE+aJaIMRhP5j5cLB69AkYoR73w="
    }
  }
}
